
Microsoft Visual Studio Solution File, Format Version 12.00
# Visual Studio Version 16
VisualStudioVersion = 16.0.810.7
MinimumVisualStudioVersion = 10.0.40219.1
Project("{FAE04EC0-301F-11D3-BF4B-00C04F79EFBC}") = "IssueTracker", "IssueTracker\IssueTracker.csproj", "{1423B5AE-0516-4813-B2BF-F1F1EBA7FBF4}"
EndProject
Global
	GlobalSection(SolutionConfigurationPlatforms) = preSolution
		Debug|Any CPU = Debug|Any CPU
		Release|Any CPU = Release|Any CPU
	EndGlobalSection
	GlobalSection(ProjectConfigurationPlatforms) = postSolution
		{1423B5AE-0516-4813-B2BF-F1F1EBA7FBF4}.Debug|Any CPU.ActiveCfg = Debug|Any CPU
		{1423B5AE-0516-4813-B2BF-F1F1EBA7FBF4}.Debug|Any CPU.Build.0 = Debug|Any CPU
		{1423B5AE-0516-4813-B2BF-F1F1EBA7FBF4}.Release|Any CPU.ActiveCfg = Release|Any CPU
		{1423B5AE-0516-4813-B2BF-F1F1EBA7FBF4}.Release|Any CPU.Build.0 = Release|Any CPU
	EndGlobalSection
	GlobalSection(SolutionProperties) = preSolution
		HideSolutionNode = FALSE
	EndGlobalSection
	GlobalSection(ExtensibilityGlobals) = postSolution
		SolutionGuid = {AE0EF478-6140-4FE3-832F-2326A7DA1E84}
	EndGlobalSection
EndGlobal
